
Microsoft Visual Studio Solution File, Format Version 12.00
# Visual Studio Version 17
VisualStudioVersion = 17.7.34202.233
MinimumVisualStudioVersion = 10.0.40219.1
Project("{9A19103F-16F7-4668-BE54-9A1E7A4F7556}") = "Calculadora", "Calculadora.csproj", "{1488D8F2-0444-4146-8419-44EB21EDD1B1}"
EndProject
Project("{9A19103F-16F7-4668-BE54-9A1E7A4F7556}") = "TestCalculadora", ".\TestNewTalent\TestCalculadora.csproj", "{DD7FE720-7553-4727-BA2D-BA9C3EC80B2A}"
EndProject
Global
	GlobalSection(SolutionConfigurationPlatforms) = preSolution
		Debug|Any CPU = Debug|Any CPU
		Release|Any CPU = Release|Any CPU
	EndGlobalSection
	GlobalSection(ProjectConfigurationPlatforms) = postSolution
		{1488D8F2-0444-4146-8419-44EB21EDD1B1}.Debug|Any CPU.ActiveCfg = Debug|Any CPU
		{1488D8F2-0444-4146-8419-44EB21EDD1B1}.Debug|Any CPU.Build.0 = Debug|Any CPU
		{1488D8F2-0444-4146-8419-44EB21EDD1B1}.Release|Any CPU.ActiveCfg = Release|Any CPU
		{1488D8F2-0444-4146-8419-44EB21EDD1B1}.Release|Any CPU.Build.0 = Release|Any CPU
		{DD7FE720-7553-4727-BA2D-BA9C3EC80B2A}.Debug|Any CPU.ActiveCfg = Debug|Any CPU
		{DD7FE720-7553-4727-BA2D-BA9C3EC80B2A}.Debug|Any CPU.Build.0 = Debug|Any CPU
		{DD7FE720-7553-4727-BA2D-BA9C3EC80B2A}.Release|Any CPU.ActiveCfg = Release|Any CPU
		{DD7FE720-7553-4727-BA2D-BA9C3EC80B2A}.Release|Any CPU.Build.0 = Release|Any CPU
	EndGlobalSection
	GlobalSection(SolutionProperties) = preSolution
		HideSolutionNode = FALSE
	EndGlobalSection
	GlobalSection(ExtensibilityGlobals) = postSolution
		SolutionGuid = {91974D75-1607-4B30-A0A4-8224915840A8}
	EndGlobalSection
EndGlobal
